
Microsoft Visual Studio Solution File, Format Version 12.00
# Visual Studio Version 16
VisualStudioVersion = 16.0.32428.217
MinimumVisualStudioVersion = 10.0.40219.1
Project("{FAE04EC0-301F-11D3-BF4B-00C04F79EFBC}") = "DbToolSearch", "DbToolSearch\DbToolSearch.csproj", "{DC2C865E-AC67-4699-885B-EBA0070FDC42}"
EndProject
Global
	GlobalSection(SolutionConfigurationPlatforms) = preSolution
		Debug|Any CPU = Debug|Any CPU
		Release|Any CPU = Release|Any CPU
	EndGlobalSection
	GlobalSection(ProjectConfigurationPlatforms) = postSolution
		{DC2C865E-AC67-4699-885B-EBA0070FDC42}.Debug|Any CPU.ActiveCfg = Debug|Any CPU
		{DC2C865E-AC67-4699-885B-EBA0070FDC42}.Debug|Any CPU.Build.0 = Debug|Any CPU
		{DC2C865E-AC67-4699-885B-EBA0070FDC42}.Release|Any CPU.ActiveCfg = Release|Any CPU
		{DC2C865E-AC67-4699-885B-EBA0070FDC42}.Release|Any CPU.Build.0 = Release|Any CPU
	EndGlobalSection
	GlobalSection(SolutionProperties) = preSolution
		HideSolutionNode = FALSE
	EndGlobalSection
	GlobalSection(ExtensibilityGlobals) = postSolution
		SolutionGuid = {AF608071-2620-43F9-84F5-0FD15CB53F56}
	EndGlobalSection
EndGlobal
